
Microsoft Visual Studio Solution File, Format Version 12.00
# Visual Studio Version 17
VisualStudioVersion = 17.5.33530.505
MinimumVisualStudioVersion = 10.0.40219.1
Project("{FAE04EC0-301F-11D3-BF4B-00C04F79EFBC}") = "TicTacToe.App", "TicTacToe.App\TicTacToe.App.csproj", "{32AF6DEF-16F5-4FA6-B948-C962A4B35D8B}"
EndProject
Project("{FAE04EC0-301F-11D3-BF4B-00C04F79EFBC}") = "TicTacToe.AppTest", "TicTacToe.AppTest\TicTacToe.AppTest.csproj", "{B15882BC-C15B-46B0-A88B-7E6F3D14FC65}"
EndProject
Project("{FAE04EC0-301F-11D3-BF4B-00C04F79EFBC}") = "TicTacToe.Model", "TicTacToe.Model\TicTacToe.Model.csproj", "{200D60D6-8DF5-4F35-BDCD-C659FA45727A}"
EndProject
Project("{FAE04EC0-301F-11D3-BF4B-00C04F79EFBC}") = "TicTacToe.Infrastructure", "TicTacToe.Infrastructure\TicTacToe.Infrastructure.csproj", "{6D64F601-6FBA-4CCA-84AB-490295C6C54A}"
EndProject
Project("{FAE04EC0-301F-11D3-BF4B-00C04F79EFBC}") = "TicTacToe.Api", "TicTacToe.Api\TicTacToe.Api.csproj", "{2B5627A8-5156-4B82-A781-7EC54F92F32C}"
EndProject
Project("{2150E333-8FDC-42A3-9474-1A3956D46DE8}") = "Solution Items", "Solution Items", "{584278DE-8A52-4D9F-ADF2-F80C8FD77506}"
	ProjectSection(SolutionItems) = preProject
		Components\statestore.yaml = Components\statestore.yaml
	EndProjectSection
EndProject
Global
	GlobalSection(SolutionConfigurationPlatforms) = preSolution
		Debug|Any CPU = Debug|Any CPU
		Release|Any CPU = Release|Any CPU
	EndGlobalSection
	GlobalSection(ProjectConfigurationPlatforms) = postSolution
		{32AF6DEF-16F5-4FA6-B948-C962A4B35D8B}.Debug|Any CPU.ActiveCfg = Debug|Any CPU
		{32AF6DEF-16F5-4FA6-B948-C962A4B35D8B}.Debug|Any CPU.Build.0 = Debug|Any CPU
		{32AF6DEF-16F5-4FA6-B948-C962A4B35D8B}.Release|Any CPU.ActiveCfg = Release|Any CPU
		{32AF6DEF-16F5-4FA6-B948-C962A4B35D8B}.Release|Any CPU.Build.0 = Release|Any CPU
		{B15882BC-C15B-46B0-A88B-7E6F3D14FC65}.Debug|Any CPU.ActiveCfg = Debug|Any CPU
		{B15882BC-C15B-46B0-A88B-7E6F3D14FC65}.Debug|Any CPU.Build.0 = Debug|Any CPU
		{B15882BC-C15B-46B0-A88B-7E6F3D14FC65}.Release|Any CPU.ActiveCfg = Release|Any CPU
		{B15882BC-C15B-46B0-A88B-7E6F3D14FC65}.Release|Any CPU.Build.0 = Release|Any CPU
		{200D60D6-8DF5-4F35-BDCD-C659FA45727A}.Debug|Any CPU.ActiveCfg = Debug|Any CPU
		{200D60D6-8DF5-4F35-BDCD-C659FA45727A}.Debug|Any CPU.Build.0 = Debug|Any CPU
		{200D60D6-8DF5-4F35-BDCD-C659FA45727A}.Release|Any CPU.ActiveCfg = Release|Any CPU
		{200D60D6-8DF5-4F35-BDCD-C659FA45727A}.Release|Any CPU.Build.0 = Release|Any CPU
		{6D64F601-6FBA-4CCA-84AB-490295C6C54A}.Debug|Any CPU.ActiveCfg = Debug|Any CPU
		{6D64F601-6FBA-4CCA-84AB-490295C6C54A}.Debug|Any CPU.Build.0 = Debug|Any CPU
		{6D64F601-6FBA-4CCA-84AB-490295C6C54A}.Release|Any CPU.ActiveCfg = Release|Any CPU
		{6D64F601-6FBA-4CCA-84AB-490295C6C54A}.Release|Any CPU.Build.0 = Release|Any CPU
		{2B5627A8-5156-4B82-A781-7EC54F92F32C}.Debug|Any CPU.ActiveCfg = Debug|Any CPU
		{2B5627A8-5156-4B82-A781-7EC54F92F32C}.Debug|Any CPU.Build.0 = Debug|Any CPU
		{2B5627A8-5156-4B82-A781-7EC54F92F32C}.Release|Any CPU.ActiveCfg = Release|Any CPU
		{2B5627A8-5156-4B82-A781-7EC54F92F32C}.Release|Any CPU.Build.0 = Release|Any CPU
	EndGlobalSection
	GlobalSection(SolutionProperties) = preSolution
		HideSolutionNode = FALSE
	EndGlobalSection
	GlobalSection(ExtensibilityGlobals) = postSolution
		SolutionGuid = {40682537-E59D-4B21-80C2-4F96636F28B0}
	EndGlobalSection
EndGlobal
